
Microsoft Visual Studio Solution File, Format Version 12.00
# Visual Studio Version 17
VisualStudioVersion = 17.0.32112.339
MinimumVisualStudioVersion = 10.0.40219.1
Project("{9A19103F-16F7-4668-BE54-9A1E7A4F7556}") = "AuthService.Api", "Auth\AuthService.Api\AuthService.Api.csproj", "{84A1CB87-29B2-4130-9631-A1216FD9D2CF}"
EndProject
Project("{9A19103F-16F7-4668-BE54-9A1E7A4F7556}") = "AuthService.Data", "Auth\AuthService.Data\AuthService.Data.csproj", "{C9ABD665-5A44-4F05-854B-0F7C3FDA9C59}"
EndProject
Project("{9A19103F-16F7-4668-BE54-9A1E7A4F7556}") = "AuthService.Model", "Auth\AuthService.Model\AuthService.Model.csproj", "{7848A46D-0612-4BD5-BA41-092D7B381AEE}"
EndProject
Project("{9A19103F-16F7-4668-BE54-9A1E7A4F7556}") = "AuthService.Application", "Auth\AuthService.Application\AuthService.Application.csproj", "{7A949E1E-202A-45B5-93F9-4C3627D21BC5}"
EndProject
Project("{2150E333-8FDC-42A3-9474-1A3956D46DE8}") = "Auth", "Auth", "{F9362CE9-F31B-4E1F-87B7-5841CC95C7C3}"
EndProject
Project("{2150E333-8FDC-42A3-9474-1A3956D46DE8}") = "TweetService", "TweetService", "{7236AFF9-A63E-4BF8-A1EE-359EEE104D3B}"
EndProject
Project("{9A19103F-16F7-4668-BE54-9A1E7A4F7556}") = "TweetService.Api", "TweetService\TweetService.Api\TweetService.Api.csproj", "{E4E3FCE1-34B5-4872-B3A1-C8BA16BF4B70}"
EndProject
Project("{9A19103F-16F7-4668-BE54-9A1E7A4F7556}") = "TweetService.Data", "TweetService\TweetService.Data\TweetService.Data.csproj", "{858186EE-7777-42E9-864A-E592C3401AF3}"
EndProject
Project("{9A19103F-16F7-4668-BE54-9A1E7A4F7556}") = "TweetService.DomainModel", "TweetService\TweetService.Model\TweetService.DomainModel.csproj", "{456BF902-D092-4ED4-AE42-F9BDDF2868B2}"
EndProject
Project("{9A19103F-16F7-4668-BE54-9A1E7A4F7556}") = "TweetService.Application", "TweetService\TweetService.Application\TweetService.Application.csproj", "{FF560F73-8CDF-4299-A8D8-80364A9398EE}"
EndProject
Project("{9A19103F-16F7-4668-BE54-9A1E7A4F7556}") = "Helpers", "Helpers\Helpers.csproj", "{B73D7F4D-FEEE-47BD-B23C-C52583ECC01D}"
EndProject
Project("{9A19103F-16F7-4668-BE54-9A1E7A4F7556}") = "MessagingModels", "MessagingModels\MessagingModels.csproj", "{BF14D24D-769D-4B1F-B82E-8DDF95EA3AB8}"
EndProject
Project("{2150E333-8FDC-42A3-9474-1A3956D46DE8}") = "Solution Items", "Solution Items", "{21A9D5E2-4441-4C34-9A57-FDB73B82FE4C}"
	ProjectSection(SolutionItems) = preProject
		.editorconfig = .editorconfig
	EndProjectSection
EndProject
Project("{2150E333-8FDC-42A3-9474-1A3956D46DE8}") = "Gateway", "Gateway", "{FCE50142-1D20-4064-92E8-3C081196667A}"
EndProject
Project("{9A19103F-16F7-4668-BE54-9A1E7A4F7556}") = "Gateway", "Gateway\Gateway.csproj", "{72D87333-1FC1-43FF-8D56-22D0A52C3646}"
EndProject
Project("{2150E333-8FDC-42A3-9474-1A3956D46DE8}") = "ProfileService", "ProfileService", "{3CD9B38A-AFAE-4797-9299-78289A9CE9E4}"
EndProject
Project("{9A19103F-16F7-4668-BE54-9A1E7A4F7556}") = "ProfileService.Api", "ProfileService\ProfileService.Api\ProfileService.Api.csproj", "{5D003F2D-F9E8-45DC-ADDC-40F828620CA3}"
EndProject
Project("{9A19103F-16F7-4668-BE54-9A1E7A4F7556}") = "ProfileService.Data", "ProfileService\ProfileService.Data\ProfileService.Data.csproj", "{53885D1F-CE8E-49F1-8077-48A62C64291D}"
EndProject
Project("{9A19103F-16F7-4668-BE54-9A1E7A4F7556}") = "ProfileService.Application", "ProfileService\ProfileService.Application\ProfileService.Application.csproj", "{FBE53A08-C5F2-4B8C-A1CA-1473AB4E3993}"
EndProject
Project("{9A19103F-16F7-4668-BE54-9A1E7A4F7556}") = "ProfileService.DomainModel", "ProfileService\ProfileService.DomainModel\ProfileService.DomainModel.csproj", "{C5EF09CB-D72A-4695-B920-5B8E31CFDFE9}"
EndProject
Project("{2150E333-8FDC-42A3-9474-1A3956D46DE8}") = "CommentService", "CommentService", "{2CA1D601-1CBF-4AAB-8B7D-6F744D8E1CDE}"
EndProject
Project("{9A19103F-16F7-4668-BE54-9A1E7A4F7556}") = "CommentService.Api", "CommentService\CommentService.Api\CommentService.Api.csproj", "{F87152FC-BA03-4DDE-A923-871364B5CA8C}"
EndProject
Project("{9A19103F-16F7-4668-BE54-9A1E7A4F7556}") = "CommentService.Data", "CommentService\CommentService.Data\CommentService.Data.csproj", "{FC28055C-9A7A-45A9-9827-A56D2596E4E1}"
EndProject
Project("{9A19103F-16F7-4668-BE54-9A1E7A4F7556}") = "CommentService.DomainModels", "CommentService\CommentService.DomainModels\CommentService.DomainModels.csproj", "{EC7DE5C0-3E60-410D-BE96-BE2B8C99DCF9}"
EndProject
Project("{9A19103F-16F7-4668-BE54-9A1E7A4F7556}") = "CommentService.Application", "CommentService\CommentService.Application\CommentService.Application.csproj", "{BA71E4EA-20EA-421F-9F84-89155FD16E3B}"
EndProject
Project("{2150E333-8FDC-42A3-9474-1A3956D46DE8}") = "ReportService", "ReportService", "{79F21DE0-BA00-460A-962A-91C6141DA0B4}"
EndProject
Project("{9A19103F-16F7-4668-BE54-9A1E7A4F7556}") = "ReportService.Data", "ReportService\ReportService.Data\ReportService.Data.csproj", "{0B9F9C96-758C-46B4-8008-A6C724BA7098}"
EndProject
Project("{9A19103F-16F7-4668-BE54-9A1E7A4F7556}") = "ReportService.DomainModels", "ReportService\ReportService.DomainModels\ReportService.DomainModels.csproj", "{FF980360-C654-4335-920D-BE3965C266B4}"
EndProject
Project("{9A19103F-16F7-4668-BE54-9A1E7A4F7556}") = "ReportService.Application", "ReportService\ReportService.Application\ReportService.Application.csproj", "{71B756B3-5F17-48AC-996B-9564663480C1}"
EndProject
Project("{9A19103F-16F7-4668-BE54-9A1E7A4F7556}") = "ReportService.Api", "ReportService\ReportService.Api\ReportService.Api.csproj", "{98C14C6C-1C71-4DA9-8683-E3DFE30161A1}"
EndProject
Project("{2150E333-8FDC-42A3-9474-1A3956D46DE8}") = "PostScanner", "PostScanner", "{A98E9586-3750-418F-980F-9CA3F48458DD}"
EndProject
Project("{9A19103F-16F7-4668-BE54-9A1E7A4F7556}") = "PostScanner", "PostScanner\PostScanner\PostScanner.csproj", "{1A281DB0-847C-4E3C-9EDE-09E51DB1CD29}"
EndProject
Project("{E53339B2-1760-4266-BCC7-CA923CBCF16C}") = "docker-compose", "docker-compose.dcproj", "{79FE3FCF-8D77-4D94-BCE4-CB062BD71179}"
EndProject
Global
	GlobalSection(SolutionConfigurationPlatforms) = preSolution
		Debug|Any CPU = Debug|Any CPU
		Release|Any CPU = Release|Any CPU
	EndGlobalSection
	GlobalSection(ProjectConfigurationPlatforms) = postSolution
		{84A1CB87-29B2-4130-9631-A1216FD9D2CF}.Debug|Any CPU.ActiveCfg = Debug|Any CPU
		{84A1CB87-29B2-4130-9631-A1216FD9D2CF}.Debug|Any CPU.Build.0 = Debug|Any CPU
		{84A1CB87-29B2-4130-9631-A1216FD9D2CF}.Release|Any CPU.ActiveCfg = Release|Any CPU
		{84A1CB87-29B2-4130-9631-A1216FD9D2CF}.Release|Any CPU.Build.0 = Release|Any CPU
		{C9ABD665-5A44-4F05-854B-0F7C3FDA9C59}.Debug|Any CPU.ActiveCfg = Debug|Any CPU
		{C9ABD665-5A44-4F05-854B-0F7C3FDA9C59}.Debug|Any CPU.Build.0 = Debug|Any CPU
		{C9ABD665-5A44-4F05-854B-0F7C3FDA9C59}.Release|Any CPU.ActiveCfg = Release|Any CPU
		{C9ABD665-5A44-4F05-854B-0F7C3FDA9C59}.Release|Any CPU.Build.0 = Release|Any CPU
		{7848A46D-0612-4BD5-BA41-092D7B381AEE}.Debug|Any CPU.ActiveCfg = Debug|Any CPU
		{7848A46D-0612-4BD5-BA41-092D7B381AEE}.Debug|Any CPU.Build.0 = Debug|Any CPU
		{7848A46D-0612-4BD5-BA41-092D7B381AEE}.Release|Any CPU.ActiveCfg = Release|Any CPU
		{7848A46D-0612-4BD5-BA41-092D7B381AEE}.Release|Any CPU.Build.0 = Release|Any CPU
		{7A949E1E-202A-45B5-93F9-4C3627D21BC5}.Debug|Any CPU.ActiveCfg = Debug|Any CPU
		{7A949E1E-202A-45B5-93F9-4C3627D21BC5}.Debug|Any CPU.Build.0 = Debug|Any CPU
		{7A949E1E-202A-45B5-93F9-4C3627D21BC5}.Release|Any CPU.ActiveCfg = Release|Any CPU
		{7A949E1E-202A-45B5-93F9-4C3627D21BC5}.Release|Any CPU.Build.0 = Release|Any CPU
		{E4E3FCE1-34B5-4872-B3A1-C8BA16BF4B70}.Debug|Any CPU.ActiveCfg = Debug|Any CPU
		{E4E3FCE1-34B5-4872-B3A1-C8BA16BF4B70}.Debug|Any CPU.Build.0 = Debug|Any CPU
		{E4E3FCE1-34B5-4872-B3A1-C8BA16BF4B70}.Release|Any CPU.ActiveCfg = Release|Any CPU
		{E4E3FCE1-34B5-4872-B3A1-C8BA16BF4B70}.Release|Any CPU.Build.0 = Release|Any CPU
		{858186EE-7777-42E9-864A-E592C3401AF3}.Debug|Any CPU.ActiveCfg = Debug|Any CPU
		{858186EE-7777-42E9-864A-E592C3401AF3}.Debug|Any CPU.Build.0 = Debug|Any CPU
		{858186EE-7777-42E9-864A-E592C3401AF3}.Release|Any CPU.ActiveCfg = Release|Any CPU
		{858186EE-7777-42E9-864A-E592C3401AF3}.Release|Any CPU.Build.0 = Release|Any CPU
		{456BF902-D092-4ED4-AE42-F9BDDF2868B2}.Debug|Any CPU.ActiveCfg = Debug|Any CPU
		{456BF902-D092-4ED4-AE42-F9BDDF2868B2}.Debug|Any CPU.Build.0 = Debug|Any CPU
		{456BF902-D092-4ED4-AE42-F9BDDF2868B2}.Release|Any CPU.ActiveCfg = Release|Any CPU
		{456BF902-D092-4ED4-AE42-F9BDDF2868B2}.Release|Any CPU.Build.0 = Release|Any CPU
		{FF560F73-8CDF-4299-A8D8-80364A9398EE}.Debug|Any CPU.ActiveCfg = Debug|Any CPU
		{FF560F73-8CDF-4299-A8D8-80364A9398EE}.Debug|Any CPU.Build.0 = Debug|Any CPU
		{FF560F73-8CDF-4299-A8D8-80364A9398EE}.Release|Any CPU.ActiveCfg = Release|Any CPU
		{FF560F73-8CDF-4299-A8D8-80364A9398EE}.Release|Any CPU.Build.0 = Release|Any CPU
		{B73D7F4D-FEEE-47BD-B23C-C52583ECC01D}.Debug|Any CPU.ActiveCfg = Debug|Any CPU
		{B73D7F4D-FEEE-47BD-B23C-C52583ECC01D}.Debug|Any CPU.Build.0 = Debug|Any CPU
		{B73D7F4D-FEEE-47BD-B23C-C52583ECC01D}.Release|Any CPU.ActiveCfg = Release|Any CPU
		{B73D7F4D-FEEE-47BD-B23C-C52583ECC01D}.Release|Any CPU.Build.0 = Release|Any CPU
		{BF14D24D-769D-4B1F-B82E-8DDF95EA3AB8}.Debug|Any CPU.ActiveCfg = Debug|Any CPU
		{BF14D24D-769D-4B1F-B82E-8DDF95EA3AB8}.Debug|Any CPU.Build.0 = Debug|Any CPU
		{BF14D24D-769D-4B1F-B82E-8DDF95EA3AB8}.Release|Any CPU.ActiveCfg = Release|Any CPU
		{BF14D24D-769D-4B1F-B82E-8DDF95EA3AB8}.Release|Any CPU.Build.0 = Release|Any CPU
		{72D87333-1FC1-43FF-8D56-22D0A52C3646}.Debug|Any CPU.ActiveCfg = Debug|Any CPU
		{72D87333-1FC1-43FF-8D56-22D0A52C3646}.Debug|Any CPU.Build.0 = Debug|Any CPU
		{72D87333-1FC1-43FF-8D56-22D0A52C3646}.Release|Any CPU.ActiveCfg = Release|Any CPU
		{72D87333-1FC1-43FF-8D56-22D0A52C3646}.Release|Any CPU.Build.0 = Release|Any CPU
		{5D003F2D-F9E8-45DC-ADDC-40F828620CA3}.Debug|Any CPU.ActiveCfg = Debug|Any CPU
		{5D003F2D-F9E8-45DC-ADDC-40F828620CA3}.Debug|Any CPU.Build.0 = Debug|Any CPU
		{5D003F2D-F9E8-45DC-ADDC-40F828620CA3}.Release|Any CPU.ActiveCfg = Release|Any CPU
		{5D003F2D-F9E8-45DC-ADDC-40F828620CA3}.Release|Any CPU.Build.0 = Release|Any CPU
		{53885D1F-CE8E-49F1-8077-48A62C64291D}.Debug|Any CPU.ActiveCfg = Debug|Any CPU
		{53885D1F-CE8E-49F1-8077-48A62C64291D}.Debug|Any CPU.Build.0 = Debug|Any CPU
		{53885D1F-CE8E-49F1-8077-48A62C64291D}.Release|Any CPU.ActiveCfg = Release|Any CPU
		{53885D1F-CE8E-49F1-8077-48A62C64291D}.Release|Any CPU.Build.0 = Release|Any CPU
		{FBE53A08-C5F2-4B8C-A1CA-1473AB4E3993}.Debug|Any CPU.ActiveCfg = Debug|Any CPU
		{FBE53A08-C5F2-4B8C-A1CA-1473AB4E3993}.Debug|Any CPU.Build.0 = Debug|Any CPU
		{FBE53A08-C5F2-4B8C-A1CA-1473AB4E3993}.Release|Any CPU.ActiveCfg = Release|Any CPU
		{FBE53A08-C5F2-4B8C-A1CA-1473AB4E3993}.Release|Any CPU.Build.0 = Release|Any CPU
		{C5EF09CB-D72A-4695-B920-5B8E31CFDFE9}.Debug|Any CPU.ActiveCfg = Debug|Any CPU
		{C5EF09CB-D72A-4695-B920-5B8E31CFDFE9}.Debug|Any CPU.Build.0 = Debug|Any CPU
		{C5EF09CB-D72A-4695-B920-5B8E31CFDFE9}.Release|Any CPU.ActiveCfg = Release|Any CPU
		{C5EF09CB-D72A-4695-B920-5B8E31CFDFE9}.Release|Any CPU.Build.0 = Release|Any CPU
		{F87152FC-BA03-4DDE-A923-871364B5CA8C}.Debug|Any CPU.ActiveCfg = Debug|Any CPU
		{F87152FC-BA03-4DDE-A923-871364B5CA8C}.Debug|Any CPU.Build.0 = Debug|Any CPU
		{F87152FC-BA03-4DDE-A923-871364B5CA8C}.Release|Any CPU.ActiveCfg = Release|Any CPU
		{F87152FC-BA03-4DDE-A923-871364B5CA8C}.Release|Any CPU.Build.0 = Release|Any CPU
		{FC28055C-9A7A-45A9-9827-A56D2596E4E1}.Debug|Any CPU.ActiveCfg = Debug|Any CPU
		{FC28055C-9A7A-45A9-9827-A56D2596E4E1}.Debug|Any CPU.Build.0 = Debug|Any CPU
		{FC28055C-9A7A-45A9-9827-A56D2596E4E1}.Release|Any CPU.ActiveCfg = Release|Any CPU
		{FC28055C-9A7A-45A9-9827-A56D2596E4E1}.Release|Any CPU.Build.0 = Release|Any CPU
		{EC7DE5C0-3E60-410D-BE96-BE2B8C99DCF9}.Debug|Any CPU.ActiveCfg = Debug|Any CPU
		{EC7DE5C0-3E60-410D-BE96-BE2B8C99DCF9}.Debug|Any CPU.Build.0 = Debug|Any CPU
		{EC7DE5C0-3E60-410D-BE96-BE2B8C99DCF9}.Release|Any CPU.ActiveCfg = Release|Any CPU
		{EC7DE5C0-3E60-410D-BE96-BE2B8C99DCF9}.Release|Any CPU.Build.0 = Release|Any CPU
		{BA71E4EA-20EA-421F-9F84-89155FD16E3B}.Debug|Any CPU.ActiveCfg = Debug|Any CPU
		{BA71E4EA-20EA-421F-9F84-89155FD16E3B}.Debug|Any CPU.Build.0 = Debug|Any CPU
		{BA71E4EA-20EA-421F-9F84-89155FD16E3B}.Release|Any CPU.ActiveCfg = Release|Any CPU
		{BA71E4EA-20EA-421F-9F84-89155FD16E3B}.Release|Any CPU.Build.0 = Release|Any CPU
		{0B9F9C96-758C-46B4-8008-A6C724BA7098}.Debug|Any CPU.ActiveCfg = Debug|Any CPU
		{0B9F9C96-758C-46B4-8008-A6C724BA7098}.Debug|Any CPU.Build.0 = Debug|Any CPU
		{0B9F9C96-758C-46B4-8008-A6C724BA7098}.Release|Any CPU.ActiveCfg = Release|Any CPU
		{0B9F9C96-758C-46B4-8008-A6C724BA7098}.Release|Any CPU.Build.0 = Release|Any CPU
		{FF980360-C654-4335-920D-BE3965C266B4}.Debug|Any CPU.ActiveCfg = Debug|Any CPU
		{FF980360-C654-4335-920D-BE3965C266B4}.Debug|Any CPU.Build.0 = Debug|Any CPU
		{FF980360-C654-4335-920D-BE3965C266B4}.Release|Any CPU.ActiveCfg = Release|Any CPU
		{FF980360-C654-4335-920D-BE3965C266B4}.Release|Any CPU.Build.0 = Release|Any CPU
		{71B756B3-5F17-48AC-996B-9564663480C1}.Debug|Any CPU.ActiveCfg = Debug|Any CPU
		{71B756B3-5F17-48AC-996B-9564663480C1}.Debug|Any CPU.Build.0 = Debug|Any CPU
		{71B756B3-5F17-48AC-996B-9564663480C1}.Release|Any CPU.ActiveCfg = Release|Any CPU
		{71B756B3-5F17-48AC-996B-9564663480C1}.Release|Any CPU.Build.0 = Release|Any CPU
		{98C14C6C-1C71-4DA9-8683-E3DFE30161A1}.Debug|Any CPU.ActiveCfg = Debug|Any CPU
		{98C14C6C-1C71-4DA9-8683-E3DFE30161A1}.Debug|Any CPU.Build.0 = Debug|Any CPU
		{98C14C6C-1C71-4DA9-8683-E3DFE30161A1}.Release|Any CPU.ActiveCfg = Release|Any CPU
		{98C14C6C-1C71-4DA9-8683-E3DFE30161A1}.Release|Any CPU.Build.0 = Release|Any CPU
		{1A281DB0-847C-4E3C-9EDE-09E51DB1CD29}.Debug|Any CPU.ActiveCfg = Debug|Any CPU
		{1A281DB0-847C-4E3C-9EDE-09E51DB1CD29}.Debug|Any CPU.Build.0 = Debug|Any CPU
		{1A281DB0-847C-4E3C-9EDE-09E51DB1CD29}.Release|Any CPU.ActiveCfg = Release|Any CPU
		{1A281DB0-847C-4E3C-9EDE-09E51DB1CD29}.Release|Any CPU.Build.0 = Release|Any CPU
		{79FE3FCF-8D77-4D94-BCE4-CB062BD71179}.Debug|Any CPU.ActiveCfg = Debug|Any CPU
		{79FE3FCF-8D77-4D94-BCE4-CB062BD71179}.Debug|Any CPU.Build.0 = Debug|Any CPU
		{79FE3FCF-8D77-4D94-BCE4-CB062BD71179}.Release|Any CPU.ActiveCfg = Release|Any CPU
		{79FE3FCF-8D77-4D94-BCE4-CB062BD71179}.Release|Any CPU.Build.0 = Release|Any CPU
	EndGlobalSection
	GlobalSection(SolutionProperties) = preSolution
		HideSolutionNode = FALSE
	EndGlobalSection
	GlobalSection(NestedProjects) = preSolution
		{84A1CB87-29B2-4130-9631-A1216FD9D2CF} = {F9362CE9-F31B-4E1F-87B7-5841CC95C7C3}
		{C9ABD665-5A44-4F05-854B-0F7C3FDA9C59} = {F9362CE9-F31B-4E1F-87B7-5841CC95C7C3}
		{7848A46D-0612-4BD5-BA41-092D7B381AEE} = {F9362CE9-F31B-4E1F-87B7-5841CC95C7C3}
		{7A949E1E-202A-45B5-93F9-4C3627D21BC5} = {F9362CE9-F31B-4E1F-87B7-5841CC95C7C3}
		{E4E3FCE1-34B5-4872-B3A1-C8BA16BF4B70} = {7236AFF9-A63E-4BF8-A1EE-359EEE104D3B}
		{858186EE-7777-42E9-864A-E592C3401AF3} = {7236AFF9-A63E-4BF8-A1EE-359EEE104D3B}
		{456BF902-D092-4ED4-AE42-F9BDDF2868B2} = {7236AFF9-A63E-4BF8-A1EE-359EEE104D3B}
		{FF560F73-8CDF-4299-A8D8-80364A9398EE} = {7236AFF9-A63E-4BF8-A1EE-359EEE104D3B}
		{72D87333-1FC1-43FF-8D56-22D0A52C3646} = {FCE50142-1D20-4064-92E8-3C081196667A}
		{5D003F2D-F9E8-45DC-ADDC-40F828620CA3} = {3CD9B38A-AFAE-4797-9299-78289A9CE9E4}
		{53885D1F-CE8E-49F1-8077-48A62C64291D} = {3CD9B38A-AFAE-4797-9299-78289A9CE9E4}
		{FBE53A08-C5F2-4B8C-A1CA-1473AB4E3993} = {3CD9B38A-AFAE-4797-9299-78289A9CE9E4}
		{C5EF09CB-D72A-4695-B920-5B8E31CFDFE9} = {3CD9B38A-AFAE-4797-9299-78289A9CE9E4}
		{F87152FC-BA03-4DDE-A923-871364B5CA8C} = {2CA1D601-1CBF-4AAB-8B7D-6F744D8E1CDE}
		{FC28055C-9A7A-45A9-9827-A56D2596E4E1} = {2CA1D601-1CBF-4AAB-8B7D-6F744D8E1CDE}
		{EC7DE5C0-3E60-410D-BE96-BE2B8C99DCF9} = {2CA1D601-1CBF-4AAB-8B7D-6F744D8E1CDE}
		{BA71E4EA-20EA-421F-9F84-89155FD16E3B} = {2CA1D601-1CBF-4AAB-8B7D-6F744D8E1CDE}
		{0B9F9C96-758C-46B4-8008-A6C724BA7098} = {79F21DE0-BA00-460A-962A-91C6141DA0B4}
		{FF980360-C654-4335-920D-BE3965C266B4} = {79F21DE0-BA00-460A-962A-91C6141DA0B4}
		{71B756B3-5F17-48AC-996B-9564663480C1} = {79F21DE0-BA00-460A-962A-91C6141DA0B4}
		{98C14C6C-1C71-4DA9-8683-E3DFE30161A1} = {79F21DE0-BA00-460A-962A-91C6141DA0B4}
		{1A281DB0-847C-4E3C-9EDE-09E51DB1CD29} = {A98E9586-3750-418F-980F-9CA3F48458DD}
	EndGlobalSection
	GlobalSection(ExtensibilityGlobals) = postSolution
		SolutionGuid = {1E7E0967-B5BC-44A2-91D6-72BF5B39FE84}
	EndGlobalSection
EndGlobal
