
Microsoft Visual Studio Solution File, Format Version 12.00
# Visual Studio Version 17
VisualStudioVersion = 17.4.33213.308
MinimumVisualStudioVersion = 10.0.40219.1
Project("{FAE04EC0-301F-11D3-BF4B-00C04F79EFBC}") = "profileService", "profileService\profileService.csproj", "{F13B9CDD-725F-459E-967E-3504BC617662}"
EndProject
Project("{FAE04EC0-301F-11D3-BF4B-00C04F79EFBC}") = "kweetService", "kweetService\kweetService.csproj", "{FE4FBC93-7F68-46A7-BDA2-C8DF2D0AD29B}"
EndProject
Project("{FAE04EC0-301F-11D3-BF4B-00C04F79EFBC}") = "ApiGatewayOcelot", "ApiGatewayOcelot\ApiGatewayOcelot.csproj", "{1A6E642E-58DD-4D78-A0AB-D11655DBB4BF}"
EndProject
Global
	GlobalSection(SolutionConfigurationPlatforms) = preSolution
		Debug|Any CPU = Debug|Any CPU
		Release|Any CPU = Release|Any CPU
	EndGlobalSection
	GlobalSection(ProjectConfigurationPlatforms) = postSolution
		{F13B9CDD-725F-459E-967E-3504BC617662}.Debug|Any CPU.ActiveCfg = Debug|Any CPU
		{F13B9CDD-725F-459E-967E-3504BC617662}.Debug|Any CPU.Build.0 = Debug|Any CPU
		{F13B9CDD-725F-459E-967E-3504BC617662}.Release|Any CPU.ActiveCfg = Release|Any CPU
		{F13B9CDD-725F-459E-967E-3504BC617662}.Release|Any CPU.Build.0 = Release|Any CPU
		{FE4FBC93-7F68-46A7-BDA2-C8DF2D0AD29B}.Debug|Any CPU.ActiveCfg = Debug|Any CPU
		{FE4FBC93-7F68-46A7-BDA2-C8DF2D0AD29B}.Debug|Any CPU.Build.0 = Debug|Any CPU
		{FE4FBC93-7F68-46A7-BDA2-C8DF2D0AD29B}.Release|Any CPU.ActiveCfg = Release|Any CPU
		{FE4FBC93-7F68-46A7-BDA2-C8DF2D0AD29B}.Release|Any CPU.Build.0 = Release|Any CPU
		{1A6E642E-58DD-4D78-A0AB-D11655DBB4BF}.Debug|Any CPU.ActiveCfg = Debug|Any CPU
		{1A6E642E-58DD-4D78-A0AB-D11655DBB4BF}.Debug|Any CPU.Build.0 = Debug|Any CPU
		{1A6E642E-58DD-4D78-A0AB-D11655DBB4BF}.Release|Any CPU.ActiveCfg = Release|Any CPU
		{1A6E642E-58DD-4D78-A0AB-D11655DBB4BF}.Release|Any CPU.Build.0 = Release|Any CPU
	EndGlobalSection
	GlobalSection(SolutionProperties) = preSolution
		HideSolutionNode = FALSE
	EndGlobalSection
	GlobalSection(ExtensibilityGlobals) = postSolution
		SolutionGuid = {7BD02972-9417-4A77-8EAD-BF9A5379B602}
	EndGlobalSection
EndGlobal
